// !$*UTF8*$!
{
	archiveVersion = 1;
	classes = {
	};
	objectVersion = 46;
	objects = {

/* Begin PBXBuildFile section */
		640BDE201DC750AE00141B83 /* UIImage + Extension.swift in Sources */ = {isa = PBXBuildFile; fileRef = 640BDE1F1DC750AE00141B83 /* UIImage + Extension.swift */; };
		640BDE221DC751A600141B83 /* SegueHandlerTypeProtocol.swift in Sources */ = {isa = PBXBuildFile; fileRef = 640BDE211DC751A600141B83 /* SegueHandlerTypeProtocol.swift */; };
		641A72D41C676B0C00BBFA86 /* AppDelegate.swift in Sources */ = {isa = PBXBuildFile; fileRef = 641A72D31C676B0C00BBFA86 /* AppDelegate.swift */; };
		641A72D61C676B0C00BBFA86 /* TrainingViewController.swift in Sources */ = {isa = PBXBuildFile; fileRef = 641A72D51C676B0C00BBFA86 /* TrainingViewController.swift */; };
		641A72DB1C676B0C00BBFA86 /* Assets.xcassets in Resources */ = {isa = PBXBuildFile; fileRef = 641A72DA1C676B0C00BBFA86 /* Assets.xcassets */; };
		641A72DE1C676B0C00BBFA86 /* LaunchScreen.storyboard in Resources */ = {isa = PBXBuildFile; fileRef = 641A72DC1C676B0C00BBFA86 /* LaunchScreen.storyboard */; };
		6434AA7D1DC766FA00A05C85 /* IntroductionViewController.swift in Sources */ = {isa = PBXBuildFile; fileRef = 6434AA7C1DC766FA00A05C85 /* IntroductionViewController.swift */; };
		6434AA7F1DC76AC700A05C85 /* UIStoryboard + Extension.swift in Sources */ = {isa = PBXBuildFile; fileRef = 6434AA7E1DC76AC700A05C85 /* UIStoryboard + Extension.swift */; };
		6434AA811DC76E5200A05C85 /* DimmingPresentationController.swift in Sources */ = {isa = PBXBuildFile; fileRef = 6434AA801DC76E5200A05C85 /* DimmingPresentationController.swift */; };
		6434AA831DC7774A00A05C85 /* GradientView.swift in Sources */ = {isa = PBXBuildFile; fileRef = 6434AA821DC7774A00A05C85 /* GradientView.swift */; };
		6441FC711DC211D40012365D /* TrainingObjectView.swift in Sources */ = {isa = PBXBuildFile; fileRef = 6441FC701DC211D40012365D /* TrainingObjectView.swift */; };
		6441FC731DC220D40012365D /* OvalShapeLayer.swift in Sources */ = {isa = PBXBuildFile; fileRef = 6441FC721DC220D40012365D /* OvalShapeLayer.swift */; };
		6445E3471DBF897C0004ED65 /* Helpers.swift in Sources */ = {isa = PBXBuildFile; fileRef = 6445E3461DBF897C0004ED65 /* Helpers.swift */; };
		6449E8651DCB68CD005202B8 /* IntroductionPage.swift in Sources */ = {isa = PBXBuildFile; fileRef = 6449E8641DCB68CD005202B8 /* IntroductionPage.swift */; };
		6449E8681DCB694A005202B8 /* IntroductionPageViewModel.swift in Sources */ = {isa = PBXBuildFile; fileRef = 6449E8671DCB694A005202B8 /* IntroductionPageViewModel.swift */; };
		6449E86D1DCB762F005202B8 /* IntroductionView.swift in Sources */ = {isa = PBXBuildFile; fileRef = 6449E86C1DCB762F005202B8 /* IntroductionView.swift */; };
		644F2C3D1DBA13A70046F5A5 /* StartButtonView.swift in Sources */ = {isa = PBXBuildFile; fileRef = 644F2C3C1DBA13A70046F5A5 /* StartButtonView.swift */; };
		64505AAB1C6C955900F13531 /* Main.storyboard in Resources */ = {isa = PBXBuildFile; fileRef = 64505AAA1C6C955900F13531 /* Main.storyboard */; };
		6B56AD002996EFE328387F23 /* Pods_EyeGym.framework in Frameworks */ = {isa = PBXBuildFile; fileRef = 5CFA689E0BC2CDE3D3AA6727 /* Pods_EyeGym.framework */; };
/* End PBXBuildFile section */

/* Begin PBXFileReference section */
		52061FFFA13019DA73CAB8DF /* Pods-EyeGym.debug.xcconfig */ = {isa = PBXFileReference; includeInIndex = 1; lastKnownFileType = text.xcconfig; name = "Pods-EyeGym.debug.xcconfig"; path = "Pods/Target Support Files/Pods-EyeGym/Pods-EyeGym.debug.xcconfig"; sourceTree = "<group>"; };
		5CFA689E0BC2CDE3D3AA6727 /* Pods_EyeGym.framework */ = {isa = PBXFileReference; explicitFileType = wrapper.framework; includeInIndex = 0; path = Pods_EyeGym.framework; sourceTree = BUILT_PRODUCTS_DIR; };
		640BDE1F1DC750AE00141B83 /* UIImage + Extension.swift */ = {isa = PBXFileReference; fileEncoding = 4; lastKnownFileType = sourcecode.swift; path = "UIImage + Extension.swift"; sourceTree = "<group>"; };
		640BDE211DC751A600141B83 /* SegueHandlerTypeProtocol.swift */ = {isa = PBXFileReference; fileEncoding = 4; lastKnownFileType = sourcecode.swift; path = SegueHandlerTypeProtocol.swift; sourceTree = "<group>"; };
		641A72D01C676B0C00BBFA86 /* EyeGym.app */ = {isa = PBXFileReference; explicitFileType = wrapper.application; includeInIndex = 0; path = EyeGym.app; sourceTree = BUILT_PRODUCTS_DIR; };
		641A72D31C676B0C00BBFA86 /* AppDelegate.swift */ = {isa = PBXFileReference; lastKnownFileType = sourcecode.swift; path = AppDelegate.swift; sourceTree = "<group>"; };
		641A72D51C676B0C00BBFA86 /* TrainingViewController.swift */ = {isa = PBXFileReference; lastKnownFileType = sourcecode.swift; path = TrainingViewController.swift; sourceTree = "<group>"; };
		641A72DA1C676B0C00BBFA86 /* Assets.xcassets */ = {isa = PBXFileReference; lastKnownFileType = folder.assetcatalog; path = Assets.xcassets; sourceTree = "<group>"; };
		641A72DD1C676B0C00BBFA86 /* Base */ = {isa = PBXFileReference; lastKnownFileType = file.storyboard; name = Base; path = Base.lproj/LaunchScreen.storyboard; sourceTree = "<group>"; };
		641A72DF1C676B0C00BBFA86 /* Info.plist */ = {isa = PBXFileReference; lastKnownFileType = text.plist.xml; path = Info.plist; sourceTree = "<group>"; };
		6434AA7C1DC766FA00A05C85 /* IntroductionViewController.swift */ = {isa = PBXFileReference; fileEncoding = 4; lastKnownFileType = sourcecode.swift; path = IntroductionViewController.swift; sourceTree = "<group>"; };
		6434AA7E1DC76AC700A05C85 /* UIStoryboard + Extension.swift */ = {isa = PBXFileReference; fileEncoding = 4; lastKnownFileType = sourcecode.swift; path = "UIStoryboard + Extension.swift"; sourceTree = "<group>"; };
		6434AA801DC76E5200A05C85 /* DimmingPresentationController.swift */ = {isa = PBXFileReference; fileEncoding = 4; lastKnownFileType = sourcecode.swift; path = DimmingPresentationController.swift; sourceTree = "<group>"; };
		6434AA821DC7774A00A05C85 /* GradientView.swift */ = {isa = PBXFileReference; fileEncoding = 4; lastKnownFileType = sourcecode.swift; path = GradientView.swift; sourceTree = "<group>"; };
		6441FC701DC211D40012365D /* TrainingObjectView.swift */ = {isa = PBXFileReference; fileEncoding = 4; lastKnownFileType = sourcecode.swift; path = TrainingObjectView.swift; sourceTree = "<group>"; };
		6441FC721DC220D40012365D /* OvalShapeLayer.swift */ = {isa = PBXFileReference; fileEncoding = 4; lastKnownFileType = sourcecode.swift; path = OvalShapeLayer.swift; sourceTree = "<group>"; };
		6445E3461DBF897C0004ED65 /* Helpers.swift */ = {isa = PBXFileReference; fileEncoding = 4; lastKnownFileType = sourcecode.swift; path = Helpers.swift; sourceTree = "<group>"; };
		6449E8641DCB68CD005202B8 /* IntroductionPage.swift */ = {isa = PBXFileReference; fileEncoding = 4; lastKnownFileType = sourcecode.swift; path = IntroductionPage.swift; sourceTree = "<group>"; };
		6449E8671DCB694A005202B8 /* IntroductionPageViewModel.swift */ = {isa = PBXFileReference; fileEncoding = 4; lastKnownFileType = sourcecode.swift; path = IntroductionPageViewModel.swift; sourceTree = "<group>"; };
		6449E86C1DCB762F005202B8 /* IntroductionView.swift */ = {isa = PBXFileReference; fileEncoding = 4; lastKnownFileType = sourcecode.swift; path = IntroductionView.swift; sourceTree = "<group>"; };
		644F2C3C1DBA13A70046F5A5 /* StartButtonView.swift */ = {isa = PBXFileReference; fileEncoding = 4; lastKnownFileType = sourcecode.swift; path = StartButtonView.swift; sourceTree = "<group>"; };
		64505AAA1C6C955900F13531 /* Main.storyboard */ = {isa = PBXFileReference; fileEncoding = 4; lastKnownFileType = file.storyboard; name = Main.storyboard; path = Base.lproj/Main.storyboard; sourceTree = "<group>"; };
		FCAAA8A48C541251652FA904 /* Pods-EyeGym.release.xcconfig */ = {isa = PBXFileReference; includeInIndex = 1; lastKnownFileType = text.xcconfig; name = "Pods-EyeGym.release.xcconfig"; path = "Pods/Target Support Files/Pods-EyeGym/Pods-EyeGym.release.xcconfig"; sourceTree = "<group>"; };
/* End PBXFileReference section */

/* Begin PBXFrameworksBuildPhase section */
		641A72CD1C676B0C00BBFA86 /* Frameworks */ = {
			isa = PBXFrameworksBuildPhase;
			buildActionMask = 2147483647;
			files = (
				6B56AD002996EFE328387F23 /* Pods_EyeGym.framework in Frameworks */,
			);
			runOnlyForDeploymentPostprocessing = 0;
		};
/* End PBXFrameworksBuildPhase section */

/* Begin PBXGroup section */
		327D0F5BEF0C66E9F3B36290 /* Pods */ = {
			isa = PBXGroup;
			children = (
				52061FFFA13019DA73CAB8DF /* Pods-EyeGym.debug.xcconfig */,
				FCAAA8A48C541251652FA904 /* Pods-EyeGym.release.xcconfig */,
			);
			name = Pods;
			sourceTree = "<group>";
		};
		640BDE231DC75EB100141B83 /* Extensions */ = {
			isa = PBXGroup;
			children = (
				640BDE1F1DC750AE00141B83 /* UIImage + Extension.swift */,
				6434AA7E1DC76AC700A05C85 /* UIStoryboard + Extension.swift */,
			);
			name = Extensions;
			sourceTree = "<group>";
		};
		641A72C71C676B0C00BBFA86 = {
			isa = PBXGroup;
			children = (
				641A72D21C676B0C00BBFA86 /* EyeGym */,
				641A72D11C676B0C00BBFA86 /* Products */,
				327D0F5BEF0C66E9F3B36290 /* Pods */,
				8F0474DD77F9DEA6DAAB8424 /* Frameworks */,
			);
			sourceTree = "<group>";
		};
		641A72D11C676B0C00BBFA86 /* Products */ = {
			isa = PBXGroup;
			children = (
				641A72D01C676B0C00BBFA86 /* EyeGym.app */,
			);
			name = Products;
			sourceTree = "<group>";
		};
		641A72D21C676B0C00BBFA86 /* EyeGym */ = {
			isa = PBXGroup;
			children = (
				641A72D31C676B0C00BBFA86 /* AppDelegate.swift */,
				6449E8661DCB68D1005202B8 /* Model */,
				6449E86E1DCB770A005202B8 /* ViewModel */,
				6441FC741DC224D30012365D /* View */,
				6441FC761DC224FF0012365D /* Controller */,
				6441FC771DC2250A0012365D /* Support files */,
			);
			path = EyeGym;
			sourceTree = "<group>";
		};
		6441FC741DC224D30012365D /* View */ = {
			isa = PBXGroup;
			children = (
				644F2C3C1DBA13A70046F5A5 /* StartButtonView.swift */,
				6441FC701DC211D40012365D /* TrainingObjectView.swift */,
				6434AA821DC7774A00A05C85 /* GradientView.swift */,
				6441FC721DC220D40012365D /* OvalShapeLayer.swift */,
				6449E86C1DCB762F005202B8 /* IntroductionView.swift */,
				640BDE231DC75EB100141B83 /* Extensions */,
				6441FC751DC224E30012365D /* Storyboard */,
			);
			name = View;
			sourceTree = "<group>";
		};
		6441FC751DC224E30012365D /* Storyboard */ = {
			isa = PBXGroup;
			children = (
				64505AAA1C6C955900F13531 /* Main.storyboard */,
			);
			name = Storyboard;
			sourceTree = "<group>";
		};
		6441FC761DC224FF0012365D /* Controller */ = {
			isa = PBXGroup;
			children = (
				641A72D51C676B0C00BBFA86 /* TrainingViewController.swift */,
				6434AA7C1DC766FA00A05C85 /* IntroductionViewController.swift */,
			);
			name = Controller;
			sourceTree = "<group>";
		};
		6441FC771DC2250A0012365D /* Support files */ = {
			isa = PBXGroup;
			children = (
				6434AA801DC76E5200A05C85 /* DimmingPresentationController.swift */,
				6445E3461DBF897C0004ED65 /* Helpers.swift */,
				640BDE211DC751A600141B83 /* SegueHandlerTypeProtocol.swift */,
				641A72DA1C676B0C00BBFA86 /* Assets.xcassets */,
				641A72DC1C676B0C00BBFA86 /* LaunchScreen.storyboard */,
				641A72DF1C676B0C00BBFA86 /* Info.plist */,
			);
			name = "Support files";
			sourceTree = "<group>";
		};
		6449E8661DCB68D1005202B8 /* Model */ = {
			isa = PBXGroup;
			children = (
				6449E8641DCB68CD005202B8 /* IntroductionPage.swift */,
			);
			name = Model;
			sourceTree = "<group>";
		};
		6449E86E1DCB770A005202B8 /* ViewModel */ = {
			isa = PBXGroup;
			children = (
				6449E8671DCB694A005202B8 /* IntroductionPageViewModel.swift */,
			);
			name = ViewModel;
			sourceTree = "<group>";
		};
		8F0474DD77F9DEA6DAAB8424 /* Frameworks */ = {
			isa = PBXGroup;
			children = (
				5CFA689E0BC2CDE3D3AA6727 /* Pods_EyeGym.framework */,
			);
			name = Frameworks;
			sourceTree = "<group>";
		};
/* End PBXGroup section */

/* Begin PBXNativeTarget section */
		641A72CF1C676B0C00BBFA86 /* EyeGym */ = {
			isa = PBXNativeTarget;
			buildConfigurationList = 641A72E21C676B0C00BBFA86 /* Build configuration list for PBXNativeTarget "EyeGym" */;
			buildPhases = (
				9E689E0C4B4405B31C280FA6 /* [CP] Check Pods Manifest.lock */,
				641A72CC1C676B0C00BBFA86 /* Sources */,
				641A72CD1C676B0C00BBFA86 /* Frameworks */,
				641A72CE1C676B0C00BBFA86 /* Resources */,
				59B460863B5721FB5ABB9732 /* [CP] Embed Pods Frameworks */,
				169738D986951AF11BB25F96 /* [CP] Copy Pods Resources */,
			);
			buildRules = (
			);
			dependencies = (
			);
			name = EyeGym;
			productName = EyeGym;
			productReference = 641A72D01C676B0C00BBFA86 /* EyeGym.app */;
			productType = "com.apple.product-type.application";
		};
/* End PBXNativeTarget section */

/* Begin PBXProject section */
		641A72C81C676B0C00BBFA86 /* Project object */ = {
			isa = PBXProject;
			attributes = {
				LastSwiftUpdateCheck = 0710;
				LastUpgradeCheck = 0710;
				ORGANIZATIONNAME = AuroraInterplay;
				TargetAttributes = {
					641A72CF1C676B0C00BBFA86 = {
						CreatedOnToolsVersion = 7.1;
						DevelopmentTeam = 2FNB386G38;
						LastSwiftMigration = 0800;
						ProvisioningStyle = Automatic;
					};
				};
			};
			buildConfigurationList = 641A72CB1C676B0C00BBFA86 /* Build configuration list for PBXProject "EyeGym" */;
			compatibilityVersion = "Xcode 3.2";
			developmentRegion = English;
			hasScannedForEncodings = 0;
			knownRegions = (
				en,
				Base,
			);
			mainGroup = 641A72C71C676B0C00BBFA86;
			productRefGroup = 641A72D11C676B0C00BBFA86 /* Products */;
			projectDirPath = "";
			projectRoot = "";
			targets = (
				641A72CF1C676B0C00BBFA86 /* EyeGym */,
			);
		};
/* End PBXProject section */

/* Begin PBXResourcesBuildPhase section */
		641A72CE1C676B0C00BBFA86 /* Resources */ = {
			isa = PBXResourcesBuildPhase;
			buildActionMask = 2147483647;
			files = (
				64505AAB1C6C955900F13531 /* Main.storyboard in Resources */,
				641A72DE1C676B0C00BBFA86 /* LaunchScreen.storyboard in Resources */,
				641A72DB1C676B0C00BBFA86 /* Assets.xcassets in Resources */,
			);
			runOnlyForDeploymentPostprocessing = 0;
		};
/* End PBXResourcesBuildPhase section */

/* Begin PBXShellScriptBuildPhase section */
		169738D986951AF11BB25F96 /* [CP] Copy Pods Resources */ = {
			isa = PBXShellScriptBuildPhase;
			buildActionMask = 2147483647;
			files = (
			);
			inputPaths = (
			);
			name = "[CP] Copy Pods Resources";
			outputPaths = (
			);
			runOnlyForDeploymentPostprocessing = 0;
			shellPath = /bin/sh;
			shellScript = "\"${SRCROOT}/Pods/Target Support Files/Pods-EyeGym/Pods-EyeGym-resources.sh\"\n";
			showEnvVarsInLog = 0;
		};
		59B460863B5721FB5ABB9732 /* [CP] Embed Pods Frameworks */ = {
			isa = PBXShellScriptBuildPhase;
			buildActionMask = 2147483647;
			files = (
			);
			inputPaths = (
			);
			name = "[CP] Embed Pods Frameworks";
			outputPaths = (
			);
			runOnlyForDeploymentPostprocessing = 0;
			shellPath = /bin/sh;
			shellScript = "\"${SRCROOT}/Pods/Target Support Files/Pods-EyeGym/Pods-EyeGym-frameworks.sh\"\n";
			showEnvVarsInLog = 0;
		};
		9E689E0C4B4405B31C280FA6 /* [CP] Check Pods Manifest.lock */ = {
			isa = PBXShellScriptBuildPhase;
			buildActionMask = 2147483647;
			files = (
			);
			inputPaths = (
			);
			name = "[CP] Check Pods Manifest.lock";
			outputPaths = (
			);
			runOnlyForDeploymentPostprocessing = 0;
			shellPath = /bin/sh;
			shellScript = "diff \"${PODS_ROOT}/../Podfile.lock\" \"${PODS_ROOT}/Manifest.lock\" > /dev/null\nif [[ $? != 0 ]] ; then\n    cat << EOM\nerror: The sandbox is not in sync with the Podfile.lock. Run 'pod install' or update your CocoaPods installation.\nEOM\n    exit 1\nfi\n";
			showEnvVarsInLog = 0;
		};
/* End PBXShellScriptBuildPhase section */

/* Begin PBXSourcesBuildPhase section */
		641A72CC1C676B0C00BBFA86 /* Sources */ = {
			isa = PBXSourcesBuildPhase;
			buildActionMask = 2147483647;
			files = (
				640BDE201DC750AE00141B83 /* UIImage + Extension.swift in Sources */,
				6441FC711DC211D40012365D /* TrainingObjectView.swift in Sources */,
				6434AA831DC7774A00A05C85 /* GradientView.swift in Sources */,
				6434AA7F1DC76AC700A05C85 /* UIStoryboard + Extension.swift in Sources */,
				6441FC731DC220D40012365D /* OvalShapeLayer.swift in Sources */,
				6449E8651DCB68CD005202B8 /* IntroductionPage.swift in Sources */,
				641A72D61C676B0C00BBFA86 /* TrainingViewController.swift in Sources */,
				6449E8681DCB694A005202B8 /* IntroductionPageViewModel.swift in Sources */,
				6434AA7D1DC766FA00A05C85 /* IntroductionViewController.swift in Sources */,
				6434AA811DC76E5200A05C85 /* DimmingPresentationController.swift in Sources */,
				6449E86D1DCB762F005202B8 /* IntroductionView.swift in Sources */,
				6445E3471DBF897C0004ED65 /* Helpers.swift in Sources */,
				644F2C3D1DBA13A70046F5A5 /* StartButtonView.swift in Sources */,
				641A72D41C676B0C00BBFA86 /* AppDelegate.swift in Sources */,
				640BDE221DC751A600141B83 /* SegueHandlerTypeProtocol.swift in Sources */,
			);
			runOnlyForDeploymentPostprocessing = 0;
		};
/* End PBXSourcesBuildPhase section */

/* Begin PBXVariantGroup section */
		641A72DC1C676B0C00BBFA86 /* LaunchScreen.storyboard */ = {
			isa = PBXVariantGroup;
			children = (
				641A72DD1C676B0C00BBFA86 /* Base */,
			);
			name = LaunchScreen.storyboard;
			sourceTree = "<group>";
		};
/* End PBXVariantGroup section */

/* Begin XCBuildConfiguration section */
		641A72E01C676B0C00BBFA86 /* Debug */ = {
			isa = XCBuildConfiguration;
			buildSettings = {
				ALWAYS_SEARCH_USER_PATHS = NO;
				CLANG_CXX_LANGUAGE_STANDARD = "gnu++0x";
				CLANG_CXX_LIBRARY = "libc++";
				CLANG_ENABLE_MODULES = YES;
				CLANG_ENABLE_OBJC_ARC = YES;
				CLANG_WARN_BOOL_CONVERSION = YES;
				CLANG_WARN_CONSTANT_CONVERSION = YES;
				CLANG_WARN_DIRECT_OBJC_ISA_USAGE = YES_ERROR;
				CLANG_WARN_EMPTY_BODY = YES;
				CLANG_WARN_ENUM_CONVERSION = YES;
				CLANG_WARN_INT_CONVERSION = YES;
				CLANG_WARN_OBJC_ROOT_CLASS = YES_ERROR;
				CLANG_WARN_UNREACHABLE_CODE = YES;
				CLANG_WARN__DUPLICATE_METHOD_MATCH = YES;
				"CODE_SIGN_IDENTITY[sdk=iphoneos*]" = "iPhone Developer";
				COPY_PHASE_STRIP = NO;
				DEBUG_INFORMATION_FORMAT = dwarf;
				ENABLE_STRICT_OBJC_MSGSEND = YES;
				ENABLE_TESTABILITY = YES;
				GCC_C_LANGUAGE_STANDARD = gnu99;
				GCC_DYNAMIC_NO_PIC = NO;
				GCC_NO_COMMON_BLOCKS = YES;
				GCC_OPTIMIZATION_LEVEL = 0;
				GCC_PREPROCESSOR_DEFINITIONS = (
					"DEBUG=1",
					"$(inherited)",
				);
				GCC_WARN_64_TO_32_BIT_CONVERSION = YES;
				GCC_WARN_ABOUT_RETURN_TYPE = YES_ERROR;
				GCC_WARN_UNDECLARED_SELECTOR = YES;
				GCC_WARN_UNINITIALIZED_AUTOS = YES_AGGRESSIVE;
				GCC_WARN_UNUSED_FUNCTION = YES;
				GCC_WARN_UNUSED_VARIABLE = YES;
				IPHONEOS_DEPLOYMENT_TARGET = 9.1;
				MTL_ENABLE_DEBUG_INFO = YES;
				ONLY_ACTIVE_ARCH = YES;
				SDKROOT = iphoneos;
				SWIFT_OPTIMIZATION_LEVEL = "-Onone";
				TARGETED_DEVICE_FAMILY = "1,2";
			};
			name = Debug;
		};
		641A72E11C676B0C00BBFA86 /* Release */ = {
			isa = XCBuildConfiguration;
			buildSettings = {
				ALWAYS_SEARCH_USER_PATHS = NO;
				CLANG_CXX_LANGUAGE_STANDARD = "gnu++0x";
				CLANG_CXX_LIBRARY = "libc++";
				CLANG_ENABLE_MODULES = YES;
				CLANG_ENABLE_OBJC_ARC = YES;
				CLANG_WARN_BOOL_CONVERSION = YES;
				CLANG_WARN_CONSTANT_CONVERSION = YES;
				CLANG_WARN_DIRECT_OBJC_ISA_USAGE = YES_ERROR;
				CLANG_WARN_EMPTY_BODY = YES;
				CLANG_WARN_ENUM_CONVERSION = YES;
				CLANG_WARN_INT_CONVERSION = YES;
				CLANG_WARN_OBJC_ROOT_CLASS = YES_ERROR;
				CLANG_WARN_UNREACHABLE_CODE = YES;
				CLANG_WARN__DUPLICATE_METHOD_MATCH = YES;
				"CODE_SIGN_IDENTITY[sdk=iphoneos*]" = "iPhone Developer";
				COPY_PHASE_STRIP = NO;
				DEBUG_INFORMATION_FORMAT = "dwarf-with-dsym";
				ENABLE_NS_ASSERTIONS = NO;
				ENABLE_STRICT_OBJC_MSGSEND = YES;
				GCC_C_LANGUAGE_STANDARD = gnu99;
				GCC_NO_COMMON_BLOCKS = YES;
				GCC_WARN_64_TO_32_BIT_CONVERSION = YES;
				GCC_WARN_ABOUT_RETURN_TYPE = YES_ERROR;
				GCC_WARN_UNDECLARED_SELECTOR = YES;
				GCC_WARN_UNINITIALIZED_AUTOS = YES_AGGRESSIVE;
				GCC_WARN_UNUSED_FUNCTION = YES;
				GCC_WARN_UNUSED_VARIABLE = YES;
				IPHONEOS_DEPLOYMENT_TARGET = 9.1;
				MTL_ENABLE_DEBUG_INFO = NO;
				SDKROOT = iphoneos;
				TARGETED_DEVICE_FAMILY = "1,2";
				VALIDATE_PRODUCT = YES;
			};
			name = Release;
		};
		641A72E31C676B0C00BBFA86 /* Debug */ = {
			isa = XCBuildConfiguration;
			baseConfigurationReference = 52061FFFA13019DA73CAB8DF /* Pods-EyeGym.debug.xcconfig */;
			buildSettings = {
				ASSETCATALOG_COMPILER_APPICON_NAME = AppIcon;
				CODE_SIGN_IDENTITY = "";
				"CODE_SIGN_IDENTITY[sdk=iphoneos*]" = "iPhone Developer";
				DEVELOPMENT_TEAM = 2FNB386G38;
				INFOPLIST_FILE = EyeGym/Info.plist;
				IPHONEOS_DEPLOYMENT_TARGET = 9.3;
				LD_RUNPATH_SEARCH_PATHS = "$(inherited) @executable_path/Frameworks";
				PRODUCT_BUNDLE_IDENTIFIER = com.aurorainterplay.EyeGym;
				PRODUCT_NAME = "$(TARGET_NAME)";
				PROVISIONING_PROFILE = "";
				SWIFT_VERSION = 3.0;
				TARGETED_DEVICE_FAMILY = 1;
			};
			name = Debug;
		};
		641A72E41C676B0C00BBFA86 /* Release */ = {
			isa = XCBuildConfiguration;
			baseConfigurationReference = FCAAA8A48C541251652FA904 /* Pods-EyeGym.release.xcconfig */;
			buildSettings = {
				ASSETCATALOG_COMPILER_APPICON_NAME = AppIcon;
				CODE_SIGN_IDENTITY = "";
				"CODE_SIGN_IDENTITY[sdk=iphoneos*]" = "iPhone Developer";
				DEVELOPMENT_TEAM = 2FNB386G38;
				INFOPLIST_FILE = EyeGym/Info.plist;
				IPHONEOS_DEPLOYMENT_TARGET = 9.3;
				LD_RUNPATH_SEARCH_PATHS = "$(inherited) @executable_path/Frameworks";
				PRODUCT_BUNDLE_IDENTIFIER = com.aurorainterplay.EyeGym;
				PRODUCT_NAME = "$(TARGET_NAME)";
				PROVISIONING_PROFILE = "";
				SWIFT_VERSION = 3.0;
				TARGETED_DEVICE_FAMILY = 1;
			};
			name = Release;
		};
/* End XCBuildConfiguration section */

/* Begin XCConfigurationList section */
		641A72CB1C676B0C00BBFA86 /* Build configuration list for PBXProject "EyeGym" */ = {
			isa = XCConfigurationList;
			buildConfigurations = (
				641A72E01C676B0C00BBFA86 /* Debug */,
				641A72E11C676B0C00BBFA86 /* Release */,
			);
			defaultConfigurationIsVisible = 0;
			defaultConfigurationName = Release;
		};
		641A72E21C676B0C00BBFA86 /* Build configuration list for PBXNativeTarget "EyeGym" */ = {
			isa = XCConfigurationList;
			buildConfigurations = (
				641A72E31C676B0C00BBFA86 /* Debug */,
				641A72E41C676B0C00BBFA86 /* Release */,
			);
			defaultConfigurationIsVisible = 0;
			defaultConfigurationName = Release;
		};
/* End XCConfigurationList section */
	};
	rootObject = 641A72C81C676B0C00BBFA86 /* Project object */;
}
